version: 6
environments:
  default:
    channels:
    - url: https://conda.modular.com/max-nightly/
    - url: https://conda.modular.com/max/
    - url: https://repo.prefix.dev/modular-community/
    - url: https://conda.anaconda.org/conda-forge/
    packages:
      osx-arm64:
      - conda: https://conda.anaconda.org/conda-forge/noarch/gradle-8.11.1-h707e725_0.conda
      - conda: https://conda.anaconda.org/conda-forge/osx-arm64/libzlib-1.3.1-h8359307_2.conda
      - conda: https://conda.anaconda.org/conda-forge/osx-arm64/openjdk-22.0.1-h363fedd_1.conda
packages:
- conda: https://conda.anaconda.org/conda-forge/noarch/gradle-8.11.1-h707e725_0.conda
  sha256: f915593b543c4156d0d9dce05e0056975482ae25b1637cb5830efaeb4bffb78a
  md5: b0d211f827e1827cafe15b4000500223
  depends:
  - __unix
  - openjdk >=8,<23
  license: Apache-2.0
  license_family: APACHE
  size: 134432899
  timestamp: 1732134820391
- conda: https://conda.anaconda.org/conda-forge/osx-arm64/libzlib-1.3.1-h8359307_2.conda
  sha256: ce34669eadaba351cd54910743e6a2261b67009624dbc7daeeafdef93616711b
  md5: 369964e85dc26bfe78f41399b366c435
  depends:
  - __osx >=11.0
  constrains:
  - zlib 1.3.1 *_2
  arch: arm64
  platform: osx
  license: Zlib
  license_family: Other
  size: 46438
  timestamp: 1727963202283
- conda: https://conda.anaconda.org/conda-forge/osx-arm64/openjdk-22.0.1-h363fedd_1.conda
  sha256: 264b338a2a8248c889daa3a23a4e0dc9ce7993901c3cc9758fae2d6b107e697f
  md5: 9a063c97afe39a816ed57e57244c6e82
  depends:
  - libzlib >=1.3.1,<2.0a0
  arch: arm64
  platform: osx
  license: GPL-2.0-or-later WITH Classpath-exception-2.0
  license_family: GPL
  size: 175210961
  timestamp: 1721718308183
